
Microsoft Visual Studio Solution File, Format Version 12.00
# Visual Studio Version 17
VisualStudioVersion = 17.13.35931.197 d17.13
MinimumVisualStudioVersion = 10.0.40219.1
Project("{FAE04EC0-301F-11D3-BF4B-00C04F79EFBC}") = "GameOfLife.Engine", "GameOfLife.Engine\GameOfLife.Engine.csproj", "{F8F0A371-AD4B-4673-A9DF-3FD67F04F4B8}"
EndProject
Project("{FAE04EC0-301F-11D3-BF4B-00C04F79EFBC}") = "GameOfLife.Client", "GameOfLife.Client\GameOfLife.Client.csproj", "{879B04C9-6736-4830-82B4-B85E63585BA5}"
EndProject
Project("{FAE04EC0-301F-11D3-BF4B-00C04F79EFBC}") = "GameOfLife.Tests", "GameOfLife.Tests\GameOfLife.Tests.csproj", "{01847D5F-EA94-493E-A8E2-367AF707FAF7}"
EndProject
Global
	GlobalSection(SolutionConfigurationPlatforms) = preSolution
		Debug|Any CPU = Debug|Any CPU
		Release|Any CPU = Release|Any CPU
	EndGlobalSection
	GlobalSection(ProjectConfigurationPlatforms) = postSolution
		{F8F0A371-AD4B-4673-A9DF-3FD67F04F4B8}.Debug|Any CPU.ActiveCfg = Debug|Any CPU
		{F8F0A371-AD4B-4673-A9DF-3FD67F04F4B8}.Debug|Any CPU.Build.0 = Debug|Any CPU
		{F8F0A371-AD4B-4673-A9DF-3FD67F04F4B8}.Release|Any CPU.ActiveCfg = Release|Any CPU
		{F8F0A371-AD4B-4673-A9DF-3FD67F04F4B8}.Release|Any CPU.Build.0 = Release|Any CPU
		{879B04C9-6736-4830-82B4-B85E63585BA5}.Debug|Any CPU.ActiveCfg = Debug|Any CPU
		{879B04C9-6736-4830-82B4-B85E63585BA5}.Debug|Any CPU.Build.0 = Debug|Any CPU
		{879B04C9-6736-4830-82B4-B85E63585BA5}.Release|Any CPU.ActiveCfg = Release|Any CPU
		{879B04C9-6736-4830-82B4-B85E63585BA5}.Release|Any CPU.Build.0 = Release|Any CPU
		{01847D5F-EA94-493E-A8E2-367AF707FAF7}.Debug|Any CPU.ActiveCfg = Debug|Any CPU
		{01847D5F-EA94-493E-A8E2-367AF707FAF7}.Debug|Any CPU.Build.0 = Debug|Any CPU
		{01847D5F-EA94-493E-A8E2-367AF707FAF7}.Release|Any CPU.ActiveCfg = Release|Any CPU
		{01847D5F-EA94-493E-A8E2-367AF707FAF7}.Release|Any CPU.Build.0 = Release|Any CPU
	EndGlobalSection
	GlobalSection(SolutionProperties) = preSolution
		HideSolutionNode = FALSE
	EndGlobalSection
	GlobalSection(ExtensibilityGlobals) = postSolution
		SolutionGuid = {9C42EA09-C6B0-4F4C-A26A-9115438670DC}
	EndGlobalSection
EndGlobal
